
Microsoft Visual Studio Solution File, Format Version 12.00
# Visual Studio 15
VisualStudioVersion = 15.0.27130.2036
MinimumVisualStudioVersion = 10.0.40219.1
Project("{9A19103F-16F7-4668-BE54-9A1E7A4F7556}") = "LazyData", "LazyData\LazyData.csproj", "{8AE4F137-FCFB-4B1C-B8E0-CE6CF98EE3D9}"
EndProject
Project("{2150E333-8FDC-42A3-9474-1A3956D46DE8}") = "Tests", "Tests", "{2E8322A0-2ACC-473A-B814-49DCCBE5048F}"
EndProject
Project("{9A19103F-16F7-4668-BE54-9A1E7A4F7556}") = "LazyData.PerformanceTests", "LazyData.PerformanceTests\LazyData.PerformanceTests.csproj", "{C6C62930-5BB5-4C40-90CA-4C83BFEB17EF}"
EndProject
Project("{9A19103F-16F7-4668-BE54-9A1E7A4F7556}") = "LazyData.Tests", "LazyData.Tests\LazyData.Tests.csproj", "{E6B98C30-CE79-4EEF-8281-DB761F42AEB0}"
EndProject
Project("{9A19103F-16F7-4668-BE54-9A1E7A4F7556}") = "LazyData.Numerics", "LazyData.Numerics\LazyData.Numerics.csproj", "{8AD4BA8B-C06E-475E-84ED-7C6A16426354}"
EndProject
Project("{9A19103F-16F7-4668-BE54-9A1E7A4F7556}") = "LazyData.SuperLazy", "LazyData.SuperLazy\LazyData.SuperLazy.csproj", "{E286E373-EA01-4920-8E65-3316893A3637}"
EndProject
Project("{2150E333-8FDC-42A3-9474-1A3956D46DE8}") = "Serializers", "Serializers", "{F4C8D90A-35BA-4F88-B981-8F6B91C04992}"
EndProject
Project("{2150E333-8FDC-42A3-9474-1A3956D46DE8}") = "Extras", "Extras", "{C49FD081-6DEC-4481-9196-09B3DB2362CF}"
EndProject
Project("{FAE04EC0-301F-11D3-BF4B-00C04F79EFBC}") = "LazyData.Binary", "LazyData.Binary\LazyData.Binary.csproj", "{89075695-D71B-454B-B7EA-5142E3940817}"
EndProject
Project("{FAE04EC0-301F-11D3-BF4B-00C04F79EFBC}") = "LazyData.Json", "LazyData.Json\LazyData.Json.csproj", "{28FC6A59-62A8-4B4C-BBD9-C5929AA5E1F9}"
EndProject
Project("{FAE04EC0-301F-11D3-BF4B-00C04F79EFBC}") = "LazyData.Xml", "LazyData.Xml\LazyData.Xml.csproj", "{A80985DA-061B-4D87-9489-A5EFF8D7F318}"
EndProject
Project("{FAE04EC0-301F-11D3-BF4B-00C04F79EFBC}") = "LazyData.Bson", "LazyData.Bson\LazyData.Bson.csproj", "{83991561-F141-4C84-8FCE-310D7BA1D848}"
EndProject
Project("{FAE04EC0-301F-11D3-BF4B-00C04F79EFBC}") = "LazyData.Yaml", "LazyData.Yaml\LazyData.Yaml.csproj", "{6B45888C-8062-47D6-9BE8-A8525CE401A1}"
EndProject
Global
	GlobalSection(SolutionConfigurationPlatforms) = preSolution
		Debug|Any CPU = Debug|Any CPU
		Release|Any CPU = Release|Any CPU
	EndGlobalSection
	GlobalSection(ProjectConfigurationPlatforms) = postSolution
		{8AE4F137-FCFB-4B1C-B8E0-CE6CF98EE3D9}.Debug|Any CPU.ActiveCfg = Debug|Any CPU
		{8AE4F137-FCFB-4B1C-B8E0-CE6CF98EE3D9}.Debug|Any CPU.Build.0 = Debug|Any CPU
		{8AE4F137-FCFB-4B1C-B8E0-CE6CF98EE3D9}.Release|Any CPU.ActiveCfg = Release|Any CPU
		{8AE4F137-FCFB-4B1C-B8E0-CE6CF98EE3D9}.Release|Any CPU.Build.0 = Release|Any CPU
		{C6C62930-5BB5-4C40-90CA-4C83BFEB17EF}.Debug|Any CPU.ActiveCfg = Debug|Any CPU
		{C6C62930-5BB5-4C40-90CA-4C83BFEB17EF}.Debug|Any CPU.Build.0 = Debug|Any CPU
		{C6C62930-5BB5-4C40-90CA-4C83BFEB17EF}.Release|Any CPU.ActiveCfg = Release|Any CPU
		{C6C62930-5BB5-4C40-90CA-4C83BFEB17EF}.Release|Any CPU.Build.0 = Release|Any CPU
		{E6B98C30-CE79-4EEF-8281-DB761F42AEB0}.Debug|Any CPU.ActiveCfg = Debug|Any CPU
		{E6B98C30-CE79-4EEF-8281-DB761F42AEB0}.Debug|Any CPU.Build.0 = Debug|Any CPU
		{E6B98C30-CE79-4EEF-8281-DB761F42AEB0}.Release|Any CPU.ActiveCfg = Release|Any CPU
		{E6B98C30-CE79-4EEF-8281-DB761F42AEB0}.Release|Any CPU.Build.0 = Release|Any CPU
		{8AD4BA8B-C06E-475E-84ED-7C6A16426354}.Debug|Any CPU.ActiveCfg = Debug|Any CPU
		{8AD4BA8B-C06E-475E-84ED-7C6A16426354}.Debug|Any CPU.Build.0 = Debug|Any CPU
		{8AD4BA8B-C06E-475E-84ED-7C6A16426354}.Release|Any CPU.ActiveCfg = Release|Any CPU
		{8AD4BA8B-C06E-475E-84ED-7C6A16426354}.Release|Any CPU.Build.0 = Release|Any CPU
		{E286E373-EA01-4920-8E65-3316893A3637}.Debug|Any CPU.ActiveCfg = Debug|Any CPU
		{E286E373-EA01-4920-8E65-3316893A3637}.Debug|Any CPU.Build.0 = Debug|Any CPU
		{E286E373-EA01-4920-8E65-3316893A3637}.Release|Any CPU.ActiveCfg = Release|Any CPU
		{E286E373-EA01-4920-8E65-3316893A3637}.Release|Any CPU.Build.0 = Release|Any CPU
		{89075695-D71B-454B-B7EA-5142E3940817}.Debug|Any CPU.ActiveCfg = Debug|Any CPU
		{89075695-D71B-454B-B7EA-5142E3940817}.Debug|Any CPU.Build.0 = Debug|Any CPU
		{89075695-D71B-454B-B7EA-5142E3940817}.Release|Any CPU.ActiveCfg = Release|Any CPU
		{89075695-D71B-454B-B7EA-5142E3940817}.Release|Any CPU.Build.0 = Release|Any CPU
		{28FC6A59-62A8-4B4C-BBD9-C5929AA5E1F9}.Debug|Any CPU.ActiveCfg = Debug|Any CPU
		{28FC6A59-62A8-4B4C-BBD9-C5929AA5E1F9}.Debug|Any CPU.Build.0 = Debug|Any CPU
		{28FC6A59-62A8-4B4C-BBD9-C5929AA5E1F9}.Release|Any CPU.ActiveCfg = Release|Any CPU
		{28FC6A59-62A8-4B4C-BBD9-C5929AA5E1F9}.Release|Any CPU.Build.0 = Release|Any CPU
		{A80985DA-061B-4D87-9489-A5EFF8D7F318}.Debug|Any CPU.ActiveCfg = Debug|Any CPU
		{A80985DA-061B-4D87-9489-A5EFF8D7F318}.Debug|Any CPU.Build.0 = Debug|Any CPU
		{A80985DA-061B-4D87-9489-A5EFF8D7F318}.Release|Any CPU.ActiveCfg = Release|Any CPU
		{A80985DA-061B-4D87-9489-A5EFF8D7F318}.Release|Any CPU.Build.0 = Release|Any CPU
		{83991561-F141-4C84-8FCE-310D7BA1D848}.Debug|Any CPU.ActiveCfg = Debug|Any CPU
		{83991561-F141-4C84-8FCE-310D7BA1D848}.Debug|Any CPU.Build.0 = Debug|Any CPU
		{83991561-F141-4C84-8FCE-310D7BA1D848}.Release|Any CPU.ActiveCfg = Release|Any CPU
		{83991561-F141-4C84-8FCE-310D7BA1D848}.Release|Any CPU.Build.0 = Release|Any CPU
		{6B45888C-8062-47D6-9BE8-A8525CE401A1}.Debug|Any CPU.ActiveCfg = Debug|Any CPU
		{6B45888C-8062-47D6-9BE8-A8525CE401A1}.Debug|Any CPU.Build.0 = Debug|Any CPU
		{6B45888C-8062-47D6-9BE8-A8525CE401A1}.Release|Any CPU.ActiveCfg = Release|Any CPU
		{6B45888C-8062-47D6-9BE8-A8525CE401A1}.Release|Any CPU.Build.0 = Release|Any CPU
	EndGlobalSection
	GlobalSection(SolutionProperties) = preSolution
		HideSolutionNode = FALSE
	EndGlobalSection
	GlobalSection(NestedProjects) = preSolution
		{C6C62930-5BB5-4C40-90CA-4C83BFEB17EF} = {2E8322A0-2ACC-473A-B814-49DCCBE5048F}
		{E6B98C30-CE79-4EEF-8281-DB761F42AEB0} = {2E8322A0-2ACC-473A-B814-49DCCBE5048F}
		{8AD4BA8B-C06E-475E-84ED-7C6A16426354} = {C49FD081-6DEC-4481-9196-09B3DB2362CF}
		{E286E373-EA01-4920-8E65-3316893A3637} = {C49FD081-6DEC-4481-9196-09B3DB2362CF}
		{89075695-D71B-454B-B7EA-5142E3940817} = {F4C8D90A-35BA-4F88-B981-8F6B91C04992}
		{28FC6A59-62A8-4B4C-BBD9-C5929AA5E1F9} = {F4C8D90A-35BA-4F88-B981-8F6B91C04992}
		{A80985DA-061B-4D87-9489-A5EFF8D7F318} = {F4C8D90A-35BA-4F88-B981-8F6B91C04992}
		{83991561-F141-4C84-8FCE-310D7BA1D848} = {F4C8D90A-35BA-4F88-B981-8F6B91C04992}
		{6B45888C-8062-47D6-9BE8-A8525CE401A1} = {F4C8D90A-35BA-4F88-B981-8F6B91C04992}
	EndGlobalSection
	GlobalSection(ExtensibilityGlobals) = postSolution
		SolutionGuid = {2822F9A4-82C4-4111-B49D-D96B78E71705}
	EndGlobalSection
EndGlobal
