
Microsoft Visual Studio Solution File, Format Version 12.00
# Visual Studio 15
VisualStudioVersion = 15.0.27130.2036
MinimumVisualStudioVersion = 10.0.40219.1
Project("{9A19103F-16F7-4668-BE54-9A1E7A4F7556}") = "LazyData", "LazyData\LazyData.csproj", "{8AE4F137-FCFB-4B1C-B8E0-CE6CF98EE3D9}"
EndProject
Project("{9A19103F-16F7-4668-BE54-9A1E7A4F7556}") = "LazyData.Tests", "LazyData.Tests\LazyData.Tests.csproj", "{E6B4D0A1-61A2-4201-B26A-8592564C0114}"
EndProject
Project("{9A19103F-16F7-4668-BE54-9A1E7A4F7556}") = "LazyData.SuperLazy", "LazyData.SuperLazy\LazyData.SuperLazy.csproj", "{9ADF5C4D-B71B-46E8-8811-D855259C79BB}"
EndProject
Project("{2150E333-8FDC-42A3-9474-1A3956D46DE8}") = "Tests", "Tests", "{2E8322A0-2ACC-473A-B814-49DCCBE5048F}"
EndProject
Project("{FAE04EC0-301F-11D3-BF4B-00C04F79EFBC}") = "LazyData.PerformanceTests", "LazyData.PerformanceTests\LazyData.PerformanceTests.csproj", "{1CF8CAD4-71A8-4DA1-AFDA-EB91062F8525}"
EndProject
Global
	GlobalSection(SolutionConfigurationPlatforms) = preSolution
		Debug|Any CPU = Debug|Any CPU
		Release|Any CPU = Release|Any CPU
	EndGlobalSection
	GlobalSection(ProjectConfigurationPlatforms) = postSolution
		{8AE4F137-FCFB-4B1C-B8E0-CE6CF98EE3D9}.Debug|Any CPU.ActiveCfg = Debug|Any CPU
		{8AE4F137-FCFB-4B1C-B8E0-CE6CF98EE3D9}.Debug|Any CPU.Build.0 = Debug|Any CPU
		{8AE4F137-FCFB-4B1C-B8E0-CE6CF98EE3D9}.Release|Any CPU.ActiveCfg = Release|Any CPU
		{8AE4F137-FCFB-4B1C-B8E0-CE6CF98EE3D9}.Release|Any CPU.Build.0 = Release|Any CPU
		{E6B4D0A1-61A2-4201-B26A-8592564C0114}.Debug|Any CPU.ActiveCfg = Debug|Any CPU
		{E6B4D0A1-61A2-4201-B26A-8592564C0114}.Debug|Any CPU.Build.0 = Debug|Any CPU
		{E6B4D0A1-61A2-4201-B26A-8592564C0114}.Release|Any CPU.ActiveCfg = Release|Any CPU
		{E6B4D0A1-61A2-4201-B26A-8592564C0114}.Release|Any CPU.Build.0 = Release|Any CPU
		{9ADF5C4D-B71B-46E8-8811-D855259C79BB}.Debug|Any CPU.ActiveCfg = Debug|Any CPU
		{9ADF5C4D-B71B-46E8-8811-D855259C79BB}.Debug|Any CPU.Build.0 = Debug|Any CPU
		{9ADF5C4D-B71B-46E8-8811-D855259C79BB}.Release|Any CPU.ActiveCfg = Release|Any CPU
		{9ADF5C4D-B71B-46E8-8811-D855259C79BB}.Release|Any CPU.Build.0 = Release|Any CPU
		{1CF8CAD4-71A8-4DA1-AFDA-EB91062F8525}.Debug|Any CPU.ActiveCfg = Debug|Any CPU
		{1CF8CAD4-71A8-4DA1-AFDA-EB91062F8525}.Debug|Any CPU.Build.0 = Debug|Any CPU
		{1CF8CAD4-71A8-4DA1-AFDA-EB91062F8525}.Release|Any CPU.ActiveCfg = Release|Any CPU
		{1CF8CAD4-71A8-4DA1-AFDA-EB91062F8525}.Release|Any CPU.Build.0 = Release|Any CPU
	EndGlobalSection
	GlobalSection(SolutionProperties) = preSolution
		HideSolutionNode = FALSE
	EndGlobalSection
	GlobalSection(NestedProjects) = preSolution
		{E6B4D0A1-61A2-4201-B26A-8592564C0114} = {2E8322A0-2ACC-473A-B814-49DCCBE5048F}
		{1CF8CAD4-71A8-4DA1-AFDA-EB91062F8525} = {2E8322A0-2ACC-473A-B814-49DCCBE5048F}
	EndGlobalSection
	GlobalSection(ExtensibilityGlobals) = postSolution
		SolutionGuid = {2822F9A4-82C4-4111-B49D-D96B78E71705}
	EndGlobalSection
EndGlobal
